{
  "version": 4,
  "terraform_version": "1.10.4",
  "serial": 43,
  "lineage": "23d014cf-efae-e727-d097-366d4a45df72",
  "outputs": {},
  "resources": [
    {
      "mode": "managed",
      "type": "aws_db_subnet_group",
      "name": "swiggy-db-sub-grp",
      "provider": "provider[\"registry.terraform.io/hashicorp/aws\"]",
      "instances": [
        {
          "schema_version": 0,
          "attributes": {
            "arn": "arn:aws:rds:ap-south-1:195275645398:subgrp:swiggy-db-sub-grp",
            "description": "Managed by Terraform",
            "id": "swiggy-db-sub-grp",
            "name": "swiggy-db-sub-grp",
            "name_prefix": "",
            "subnet_ids": [
              "subnet-00dbb45642077f346",
              "subnet-0b0daf50b9ce542b0"
            ],
            "supported_network_types": [
              "IPV4"
            ],
            "tags": {},
            "tags_all": {},
            "vpc_id": "vpc-063e23854fb94e081"
          },
          "sensitive_attributes": [],
          "private": "bnVsbA==",
          "dependencies": [
            "aws_subnet.swiggy-pvt-sub-3",
            "aws_subnet.swiggy-pvt-sub-4",
            "aws_vpc.swiggy-vpc"
          ]
        }
      ]
    },
    {
      "mode": "managed",
      "type": "aws_eip",
      "name": "swiggy-nat-eip",
      "provider": "provider[\"registry.terraform.io/hashicorp/aws\"]",
      "instances": [
        {
          "schema_version": 0,
          "attributes": {
            "address": null,
            "allocation_id": "eipalloc-0344431f70cff5675",
            "arn": "arn:aws:ec2:ap-south-1:195275645398:elastic-ip/eipalloc-0344431f70cff5675",
            "associate_with_private_ip": null,
            "association_id": "eipassoc-0f5c76bf167d5385b",
            "carrier_ip": "",
            "customer_owned_ip": "",
            "customer_owned_ipv4_pool": "",
            "domain": "vpc",
            "id": "eipalloc-0344431f70cff5675",
            "instance": "",
            "ipam_pool_id": null,
            "network_border_group": "ap-south-1",
            "network_interface": "eni-0842613b6b8988ff6",
            "private_dns": "ip-10-0-0-14.ap-south-1.compute.internal",
            "private_ip": "10.0.0.14",
            "ptr_record": "",
            "public_dns": "ec2-13-126-181-135.ap-south-1.compute.amazonaws.com",
            "public_ip": "13.126.181.135",
            "public_ipv4_pool": "amazon",
            "tags": {
              "Name": "swiggy-nat-eip"
            },
            "tags_all": {
              "Name": "swiggy-nat-eip"
            },
            "timeouts": null,
            "vpc": true
          },
          "sensitive_attributes": [],
          "private": "eyJlMmJmYjczMC1lY2FhLTExZTYtOGY4OC0zNDM2M2JjN2M0YzAiOnsiZGVsZXRlIjoxODAwMDAwMDAwMDAsInJlYWQiOjkwMDAwMDAwMDAwMCwidXBkYXRlIjozMDAwMDAwMDAwMDB9fQ=="
        }
      ]
    },
    {
      "mode": "managed",
      "type": "aws_internet_gateway",
      "name": "swiggy-igw",
      "provider": "provider[\"registry.terraform.io/hashicorp/aws\"]",
      "instances": [
        {
          "schema_version": 0,
          "attributes": {
            "arn": "arn:aws:ec2:ap-south-1:195275645398:internet-gateway/igw-03910d27de61ab6cc",
            "id": "igw-03910d27de61ab6cc",
            "owner_id": "195275645398",
            "tags": {
              "Name": "swiggy-igw"
            },
            "tags_all": {
              "Name": "swiggy-igw"
            },
            "timeouts": null,
            "vpc_id": "vpc-063e23854fb94e081"
          },
          "sensitive_attributes": [],
          "private": "eyJlMmJmYjczMC1lY2FhLTExZTYtOGY4OC0zNDM2M2JjN2M0YzAiOnsiY3JlYXRlIjoxMjAwMDAwMDAwMDAwLCJkZWxldGUiOjEyMDAwMDAwMDAwMDAsInVwZGF0ZSI6MTIwMDAwMDAwMDAwMH19",
          "dependencies": [
            "aws_vpc.swiggy-vpc"
          ]
        }
      ]
    },
    {
      "mode": "managed",
      "type": "aws_lb",
      "name": "swiggy-web-lb",
      "provider": "provider[\"registry.terraform.io/hashicorp/aws\"]",
      "instances": [
        {
          "schema_version": 0,
          "attributes": {
            "access_logs": [
              {
                "bucket": "",
                "enabled": false,
                "prefix": ""
              }
            ],
            "arn": "arn:aws:elasticloadbalancing:ap-south-1:195275645398:loadbalancer/app/swiggy-web-lb/84431125e0fe6c9c",
            "arn_suffix": "app/swiggy-web-lb/84431125e0fe6c9c",
            "client_keep_alive": 3600,
            "connection_logs": [
              {
                "bucket": "",
                "enabled": false,
                "prefix": ""
              }
            ],
            "customer_owned_ipv4_pool": "",
            "desync_mitigation_mode": "defensive",
            "dns_name": "internal-swiggy-web-lb-1080975081.ap-south-1.elb.amazonaws.com",
            "dns_record_client_routing_policy": null,
            "drop_invalid_header_fields": false,
            "enable_cross_zone_load_balancing": true,
            "enable_deletion_protection": false,
            "enable_http2": true,
            "enable_tls_version_and_cipher_suite_headers": false,
            "enable_waf_fail_open": false,
            "enable_xff_client_port": false,
            "enable_zonal_shift": false,
            "enforce_security_group_inbound_rules_on_private_link_traffic": "",
            "id": "arn:aws:elasticloadbalancing:ap-south-1:195275645398:loadbalancer/app/swiggy-web-lb/84431125e0fe6c9c",
            "idle_timeout": 60,
            "internal": true,
            "ip_address_type": "ipv4",
            "load_balancer_type": "application",
            "name": "swiggy-web-lb",
            "name_prefix": "",
            "preserve_host_header": false,
            "security_groups": [
              "sg-026785b5f4c9ee1f0"
            ],
            "subnet_mapping": [
              {
                "allocation_id": "",
                "ipv6_address": "",
                "outpost_id": "",
                "private_ipv4_address": "",
                "subnet_id": "subnet-0b255fd8123ba7e7f"
              },
              {
                "allocation_id": "",
                "ipv6_address": "",
                "outpost_id": "",
                "private_ipv4_address": "",
                "subnet_id": "subnet-0c21dae0ee3ee5004"
              }
            ],
            "subnets": [
              "subnet-0b255fd8123ba7e7f",
              "subnet-0c21dae0ee3ee5004"
            ],
            "tags": {
              "Environment": "swiggy-web-lb"
            },
            "tags_all": {
              "Environment": "swiggy-web-lb"
            },
            "timeouts": null,
            "vpc_id": "vpc-063e23854fb94e081",
            "xff_header_processing_mode": "append",
            "zone_id": "ZP97RAFLXTNZK"
          },
          "sensitive_attributes": [],
          "private": "eyJlMmJmYjczMC1lY2FhLTExZTYtOGY4OC0zNDM2M2JjN2M0YzAiOnsiY3JlYXRlIjo2MDAwMDAwMDAwMDAsImRlbGV0ZSI6NjAwMDAwMDAwMDAwLCJ1cGRhdGUiOjYwMDAwMDAwMDAwMH19",
          "dependencies": [
            "aws_security_group.swiggy-alb-sg-1",
            "aws_subnet.swiggy-pub-sub-1",
            "aws_subnet.swiggy-pub-sub-2",
            "aws_vpc.swiggy-vpc"
          ]
        }
      ]
    },
    {
      "mode": "managed",
      "type": "aws_lb_listener",
      "name": "swiggy-web-lb-listner",
      "provider": "provider[\"registry.terraform.io/hashicorp/aws\"]",
      "instances": [
        {
          "schema_version": 0,
          "attributes": {
            "alpn_policy": null,
            "arn": "arn:aws:elasticloadbalancing:ap-south-1:195275645398:listener/app/swiggy-web-lb/84431125e0fe6c9c/ac774647d3928570",
            "certificate_arn": null,
            "default_action": [
              {
                "authenticate_cognito": [],
                "authenticate_oidc": [],
                "fixed_response": [],
                "forward": [],
                "order": 1,
                "redirect": [],
                "target_group_arn": "arn:aws:elasticloadbalancing:ap-south-1:195275645398:targetgroup/swiggy-web-lb-tg/2f5c773d3bde7745",
                "type": "forward"
              }
            ],
            "id": "arn:aws:elasticloadbalancing:ap-south-1:195275645398:listener/app/swiggy-web-lb/84431125e0fe6c9c/ac774647d3928570",
            "load_balancer_arn": "arn:aws:elasticloadbalancing:ap-south-1:195275645398:loadbalancer/app/swiggy-web-lb/84431125e0fe6c9c",
            "mutual_authentication": [],
            "port": 80,
            "protocol": "HTTP",
            "routing_http_request_x_amzn_mtls_clientcert_header_name": null,
            "routing_http_request_x_amzn_mtls_clientcert_issuer_header_name": null,
            "routing_http_request_x_amzn_mtls_clientcert_leaf_header_name": null,
            "routing_http_request_x_amzn_mtls_clientcert_serial_number_header_name": null,
            "routing_http_request_x_amzn_mtls_clientcert_subject_header_name": null,
            "routing_http_request_x_amzn_mtls_clientcert_validity_header_name": null,
            "routing_http_request_x_amzn_tls_cipher_suite_header_name": null,
            "routing_http_request_x_amzn_tls_version_header_name": null,
            "routing_http_response_access_control_allow_credentials_header_value": "",
            "routing_http_response_access_control_allow_headers_header_value": "",
            "routing_http_response_access_control_allow_methods_header_value": "",
            "routing_http_response_access_control_allow_origin_header_value": "",
            "routing_http_response_access_control_expose_headers_header_value": "",
            "routing_http_response_access_control_max_age_header_value": "",
            "routing_http_response_content_security_policy_header_value": "",
            "routing_http_response_server_enabled": false,
            "routing_http_response_strict_transport_security_header_value": "",
            "routing_http_response_x_content_type_options_header_value": "",
            "routing_http_response_x_frame_options_header_value": "",
            "ssl_policy": "",
            "tags": null,
            "tags_all": {},
            "tcp_idle_timeout_seconds": null,
            "timeouts": null
          },
          "sensitive_attributes": [],
          "private": "eyJlMmJmYjczMC1lY2FhLTExZTYtOGY4OC0zNDM2M2JjN2M0YzAiOnsiY3JlYXRlIjozMDAwMDAwMDAwMDAsInVwZGF0ZSI6MzAwMDAwMDAwMDAwfX0=",
          "dependencies": [
            "aws_lb.swiggy-web-lb",
            "aws_lb_target_group.swiggy-web-lb-tg",
            "aws_security_group.swiggy-alb-sg-1",
            "aws_subnet.swiggy-pub-sub-1",
            "aws_subnet.swiggy-pub-sub-2",
            "aws_vpc.swiggy-vpc"
          ]
        }
      ]
    },
    {
      "mode": "managed",
      "type": "aws_lb_target_group",
      "name": "swiggy-web-lb-tg",
      "provider": "provider[\"registry.terraform.io/hashicorp/aws\"]",
      "instances": [
        {
          "schema_version": 0,
          "attributes": {
            "arn": "arn:aws:elasticloadbalancing:ap-south-1:195275645398:targetgroup/swiggy-web-lb-tg/2f5c773d3bde7745",
            "arn_suffix": "targetgroup/swiggy-web-lb-tg/2f5c773d3bde7745",
            "connection_termination": null,
            "deregistration_delay": "300",
            "health_check": [
              {
                "enabled": true,
                "healthy_threshold": 3,
                "interval": 30,
                "matcher": "200",
                "path": "/",
                "port": "traffic-port",
                "protocol": "HTTP",
                "timeout": 10,
                "unhealthy_threshold": 3
              }
            ],
            "id": "arn:aws:elasticloadbalancing:ap-south-1:195275645398:targetgroup/swiggy-web-lb-tg/2f5c773d3bde7745",
            "ip_address_type": "ipv4",
            "lambda_multi_value_headers_enabled": false,
            "load_balancer_arns": [],
            "load_balancing_algorithm_type": "round_robin",
            "load_balancing_anomaly_mitigation": "off",
            "load_balancing_cross_zone_enabled": "use_load_balancer_configuration",
            "name": "swiggy-web-lb-tg",
            "name_prefix": "",
            "port": 80,
            "preserve_client_ip": null,
            "protocol": "HTTP",
            "protocol_version": "HTTP1",
            "proxy_protocol_v2": false,
            "slow_start": 0,
            "stickiness": [
              {
                "cookie_duration": 86400,
                "cookie_name": "",
                "enabled": false,
                "type": "lb_cookie"
              }
            ],
            "tags": {},
            "tags_all": {},
            "target_failover": [
              {
                "on_deregistration": null,
                "on_unhealthy": null
              }
            ],
            "target_group_health": [
              {
                "dns_failover": [
                  {
                    "minimum_healthy_targets_count": "1",
                    "minimum_healthy_targets_percentage": "off"
                  }
                ],
                "unhealthy_state_routing": [
                  {
                    "minimum_healthy_targets_count": 1,
                    "minimum_healthy_targets_percentage": "off"
                  }
                ]
              }
            ],
            "target_health_state": [
              {
                "enable_unhealthy_connection_termination": null,
                "unhealthy_draining_interval": null
              }
            ],
            "target_type": "instance",
            "vpc_id": "vpc-063e23854fb94e081"
          },
          "sensitive_attributes": [],
          "private": "bnVsbA==",
          "dependencies": [
            "aws_vpc.swiggy-vpc"
          ]
        }
      ]
    },
    {
      "mode": "managed",
      "type": "aws_nat_gateway",
      "name": "swiggy-natgw-01",
      "provider": "provider[\"registry.terraform.io/hashicorp/aws\"]",
      "instances": [
        {
          "schema_version": 0,
          "attributes": {
            "allocation_id": "eipalloc-0344431f70cff5675",
            "association_id": "eipassoc-0f5c76bf167d5385b",
            "connectivity_type": "public",
            "id": "nat-0be246c309c25be84",
            "network_interface_id": "eni-0842613b6b8988ff6",
            "private_ip": "10.0.0.14",
            "public_ip": "13.126.181.135",
            "secondary_allocation_ids": [],
            "secondary_private_ip_address_count": 0,
            "secondary_private_ip_addresses": [],
            "subnet_id": "subnet-0b255fd8123ba7e7f",
            "tags": {
              "Name": "swiggy-natgw-01"
            },
            "tags_all": {
              "Name": "swiggy-natgw-01"
            },
            "timeouts": null
          },
          "sensitive_attributes": [],
          "private": "eyJlMmJmYjczMC1lY2FhLTExZTYtOGY4OC0zNDM2M2JjN2M0YzAiOnsiY3JlYXRlIjo2MDAwMDAwMDAwMDAsImRlbGV0ZSI6MTgwMDAwMDAwMDAwMCwidXBkYXRlIjo2MDAwMDAwMDAwMDB9fQ==",
          "dependencies": [
            "aws_eip.swiggy-nat-eip",
            "aws_internet_gateway.swiggy-igw",
            "aws_subnet.swiggy-pub-sub-1",
            "aws_vpc.swiggy-vpc"
          ]
        }
      ]
    },
    {
      "mode": "managed",
      "type": "aws_route_table",
      "name": "swiggy-app-rt",
      "provider": "provider[\"registry.terraform.io/hashicorp/aws\"]",
      "instances": [
        {
          "schema_version": 0,
          "attributes": {
            "arn": "arn:aws:ec2:ap-south-1:195275645398:route-table/rtb-0aaf58f8c1155e622",
            "id": "rtb-0aaf58f8c1155e622",
            "owner_id": "195275645398",
            "propagating_vgws": [],
            "route": [
              {
                "carrier_gateway_id": "",
                "cidr_block": "0.0.0.0/0",
                "core_network_arn": "",
                "destination_prefix_list_id": "",
                "egress_only_gateway_id": "",
                "gateway_id": "nat-0be246c309c25be84",
                "ipv6_cidr_block": "",
                "local_gateway_id": "",
                "nat_gateway_id": "",
                "network_interface_id": "",
                "transit_gateway_id": "",
                "vpc_endpoint_id": "",
                "vpc_peering_connection_id": ""
              }
            ],
            "tags": {
              "Name": "swiggy-app-rt"
            },
            "tags_all": {
              "Name": "swiggy-app-rt"
            },
            "timeouts": null,
            "vpc_id": "vpc-063e23854fb94e081"
          },
          "sensitive_attributes": [],
          "private": "eyJlMmJmYjczMC1lY2FhLTExZTYtOGY4OC0zNDM2M2JjN2M0YzAiOnsiY3JlYXRlIjozMDAwMDAwMDAwMDAsImRlbGV0ZSI6MzAwMDAwMDAwMDAwLCJ1cGRhdGUiOjEyMDAwMDAwMDAwMH19",
          "dependencies": [
            "aws_eip.swiggy-nat-eip",
            "aws_internet_gateway.swiggy-igw",
            "aws_nat_gateway.swiggy-natgw-01",
            "aws_subnet.swiggy-pub-sub-1",
            "aws_vpc.swiggy-vpc"
          ]
        }
      ]
    },
    {
      "mode": "managed",
      "type": "aws_route_table",
      "name": "swiggy-web-rt",
      "provider": "provider[\"registry.terraform.io/hashicorp/aws\"]",
      "instances": [
        {
          "schema_version": 0,
          "attributes": {
            "arn": "arn:aws:ec2:ap-south-1:195275645398:route-table/rtb-0e17b782948224834",
            "id": "rtb-0e17b782948224834",
            "owner_id": "195275645398",
            "propagating_vgws": [],
            "route": [
              {
                "carrier_gateway_id": "",
                "cidr_block": "0.0.0.0/0",
                "core_network_arn": "",
                "destination_prefix_list_id": "",
                "egress_only_gateway_id": "",
                "gateway_id": "igw-03910d27de61ab6cc",
                "ipv6_cidr_block": "",
                "local_gateway_id": "",
                "nat_gateway_id": "",
                "network_interface_id": "",
                "transit_gateway_id": "",
                "vpc_endpoint_id": "",
                "vpc_peering_connection_id": ""
              }
            ],
            "tags": {
              "Name": "swiggy-web-rt"
            },
            "tags_all": {
              "Name": "swiggy-web-rt"
            },
            "timeouts": null,
            "vpc_id": "vpc-063e23854fb94e081"
          },
          "sensitive_attributes": [],
          "private": "eyJlMmJmYjczMC1lY2FhLTExZTYtOGY4OC0zNDM2M2JjN2M0YzAiOnsiY3JlYXRlIjozMDAwMDAwMDAwMDAsImRlbGV0ZSI6MzAwMDAwMDAwMDAwLCJ1cGRhdGUiOjEyMDAwMDAwMDAwMH19",
          "dependencies": [
            "aws_internet_gateway.swiggy-igw",
            "aws_vpc.swiggy-vpc"
          ]
        }
      ]
    },
    {
      "mode": "managed",
      "type": "aws_route_table_association",
      "name": "swiggy-rt-as-1",
      "provider": "provider[\"registry.terraform.io/hashicorp/aws\"]",
      "instances": [
        {
          "schema_version": 0,
          "attributes": {
            "gateway_id": "",
            "id": "rtbassoc-059e50890f0701ba6",
            "route_table_id": "rtb-0e17b782948224834",
            "subnet_id": "subnet-0b255fd8123ba7e7f",
            "timeouts": null
          },
          "sensitive_attributes": [],
          "private": "eyJlMmJmYjczMC1lY2FhLTExZTYtOGY4OC0zNDM2M2JjN2M0YzAiOnsiY3JlYXRlIjozMDAwMDAwMDAwMDAsImRlbGV0ZSI6MzAwMDAwMDAwMDAwLCJ1cGRhdGUiOjEyMDAwMDAwMDAwMH19",
          "dependencies": [
            "aws_internet_gateway.swiggy-igw",
            "aws_route_table.swiggy-web-rt",
            "aws_subnet.swiggy-pub-sub-1",
            "aws_vpc.swiggy-vpc"
          ]
        }
      ]
    },
    {
      "mode": "managed",
      "type": "aws_route_table_association",
      "name": "swiggy-rt-as-2",
      "provider": "provider[\"registry.terraform.io/hashicorp/aws\"]",
      "instances": [
        {
          "schema_version": 0,
          "attributes": {
            "gateway_id": "",
            "id": "rtbassoc-0dcf5c5e3a65d7530",
            "route_table_id": "rtb-0e17b782948224834",
            "subnet_id": "subnet-0c21dae0ee3ee5004",
            "timeouts": null
          },
          "sensitive_attributes": [],
          "private": "eyJlMmJmYjczMC1lY2FhLTExZTYtOGY4OC0zNDM2M2JjN2M0YzAiOnsiY3JlYXRlIjozMDAwMDAwMDAwMDAsImRlbGV0ZSI6MzAwMDAwMDAwMDAwLCJ1cGRhdGUiOjEyMDAwMDAwMDAwMH19",
          "dependencies": [
            "aws_internet_gateway.swiggy-igw",
            "aws_route_table.swiggy-web-rt",
            "aws_subnet.swiggy-pub-sub-2",
            "aws_vpc.swiggy-vpc"
          ]
        }
      ]
    },
    {
      "mode": "managed",
      "type": "aws_route_table_association",
      "name": "swiggy-rt-as-3",
      "provider": "provider[\"registry.terraform.io/hashicorp/aws\"]",
      "instances": [
        {
          "schema_version": 0,
          "attributes": {
            "gateway_id": "",
            "id": "rtbassoc-07700aa8f8a4520ca",
            "route_table_id": "rtb-0aaf58f8c1155e622",
            "subnet_id": "subnet-052fcc74a318d5c88",
            "timeouts": null
          },
          "sensitive_attributes": [],
          "private": "eyJlMmJmYjczMC1lY2FhLTExZTYtOGY4OC0zNDM2M2JjN2M0YzAiOnsiY3JlYXRlIjozMDAwMDAwMDAwMDAsImRlbGV0ZSI6MzAwMDAwMDAwMDAwLCJ1cGRhdGUiOjEyMDAwMDAwMDAwMH19",
          "dependencies": [
            "aws_eip.swiggy-nat-eip",
            "aws_internet_gateway.swiggy-igw",
            "aws_nat_gateway.swiggy-natgw-01",
            "aws_route_table.swiggy-app-rt",
            "aws_subnet.swiggy-pub-sub-1",
            "aws_subnet.swiggy-pvt-sub-1",
            "aws_vpc.swiggy-vpc"
          ]
        }
      ]
    },
    {
      "mode": "managed",
      "type": "aws_route_table_association",
      "name": "swiggy-rt-as-4",
      "provider": "provider[\"registry.terraform.io/hashicorp/aws\"]",
      "instances": [
        {
          "schema_version": 0,
          "attributes": {
            "gateway_id": "",
            "id": "rtbassoc-0823ef819d9fdc7c3",
            "route_table_id": "rtb-0aaf58f8c1155e622",
            "subnet_id": "subnet-0f7c0aadc65a05ee8",
            "timeouts": null
          },
          "sensitive_attributes": [],
          "private": "eyJlMmJmYjczMC1lY2FhLTExZTYtOGY4OC0zNDM2M2JjN2M0YzAiOnsiY3JlYXRlIjozMDAwMDAwMDAwMDAsImRlbGV0ZSI6MzAwMDAwMDAwMDAwLCJ1cGRhdGUiOjEyMDAwMDAwMDAwMH19",
          "dependencies": [
            "aws_eip.swiggy-nat-eip",
            "aws_internet_gateway.swiggy-igw",
            "aws_nat_gateway.swiggy-natgw-01",
            "aws_route_table.swiggy-app-rt",
            "aws_subnet.swiggy-pub-sub-1",
            "aws_subnet.swiggy-pvt-sub-2",
            "aws_vpc.swiggy-vpc"
          ]
        }
      ]
    },
    {
      "mode": "managed",
      "type": "aws_route_table_association",
      "name": "swiggy-rt-as-5",
      "provider": "provider[\"registry.terraform.io/hashicorp/aws\"]",
      "instances": [
        {
          "schema_version": 0,
          "attributes": {
            "gateway_id": "",
            "id": "rtbassoc-0e74598ac6525f807",
            "route_table_id": "rtb-0aaf58f8c1155e622",
            "subnet_id": "subnet-0b0daf50b9ce542b0",
            "timeouts": null
          },
          "sensitive_attributes": [],
          "private": "eyJlMmJmYjczMC1lY2FhLTExZTYtOGY4OC0zNDM2M2JjN2M0YzAiOnsiY3JlYXRlIjozMDAwMDAwMDAwMDAsImRlbGV0ZSI6MzAwMDAwMDAwMDAwLCJ1cGRhdGUiOjEyMDAwMDAwMDAwMH19",
          "dependencies": [
            "aws_eip.swiggy-nat-eip",
            "aws_internet_gateway.swiggy-igw",
            "aws_nat_gateway.swiggy-natgw-01",
            "aws_route_table.swiggy-app-rt",
            "aws_subnet.swiggy-pub-sub-1",
            "aws_subnet.swiggy-pvt-sub-3",
            "aws_vpc.swiggy-vpc"
          ]
        }
      ]
    },
    {
      "mode": "managed",
      "type": "aws_route_table_association",
      "name": "swiggy-rt-as-6",
      "provider": "provider[\"registry.terraform.io/hashicorp/aws\"]",
      "instances": [
        {
          "schema_version": 0,
          "attributes": {
            "gateway_id": "",
            "id": "rtbassoc-029ca389565802e60",
            "route_table_id": "rtb-0aaf58f8c1155e622",
            "subnet_id": "subnet-00dbb45642077f346",
            "timeouts": null
          },
          "sensitive_attributes": [],
          "private": "eyJlMmJmYjczMC1lY2FhLTExZTYtOGY4OC0zNDM2M2JjN2M0YzAiOnsiY3JlYXRlIjozMDAwMDAwMDAwMDAsImRlbGV0ZSI6MzAwMDAwMDAwMDAwLCJ1cGRhdGUiOjEyMDAwMDAwMDAwMH19",
          "dependencies": [
            "aws_eip.swiggy-nat-eip",
            "aws_internet_gateway.swiggy-igw",
            "aws_nat_gateway.swiggy-natgw-01",
            "aws_route_table.swiggy-app-rt",
            "aws_subnet.swiggy-pub-sub-1",
            "aws_subnet.swiggy-pvt-sub-4",
            "aws_vpc.swiggy-vpc"
          ]
        }
      ]
    },
    {
      "mode": "managed",
      "type": "aws_security_group",
      "name": "swiggy-alb-sg-1",
      "provider": "provider[\"registry.terraform.io/hashicorp/aws\"]",
      "instances": [
        {
          "schema_version": 1,
          "attributes": {
            "arn": "arn:aws:ec2:ap-south-1:195275645398:security-group/sg-026785b5f4c9ee1f0",
            "description": "Security group for Swiggy Application Load Balancer",
            "egress": [
              {
                "cidr_blocks": [
                  "0.0.0.0/0"
                ],
                "description": "",
                "from_port": 0,
                "ipv6_cidr_blocks": [],
                "prefix_list_ids": [],
                "protocol": "-1",
                "security_groups": [],
                "self": false,
                "to_port": 0
              }
            ],
            "id": "sg-026785b5f4c9ee1f0",
            "ingress": [
              {
                "cidr_blocks": [
                  "0.0.0.0/0"
                ],
                "description": "",
                "from_port": 443,
                "ipv6_cidr_blocks": [],
                "prefix_list_ids": [],
                "protocol": "tcp",
                "security_groups": [],
                "self": false,
                "to_port": 443
              },
              {
                "cidr_blocks": [
                  "0.0.0.0/0"
                ],
                "description": "",
                "from_port": 80,
                "ipv6_cidr_blocks": [],
                "prefix_list_ids": [],
                "protocol": "tcp",
                "security_groups": [],
                "self": false,
                "to_port": 80
              }
            ],
            "name": "swiggy-alb-sg-1",
            "name_prefix": "",
            "owner_id": "195275645398",
            "revoke_rules_on_delete": false,
            "tags": {
              "Name": "Swiggy ALB SG"
            },
            "tags_all": {
              "Name": "Swiggy ALB SG"
            },
            "timeouts": null,
            "vpc_id": "vpc-063e23854fb94e081"
          },
          "sensitive_attributes": [],
          "private": "eyJlMmJmYjczMC1lY2FhLTExZTYtOGY4OC0zNDM2M2JjN2M0YzAiOnsiY3JlYXRlIjo2MDAwMDAwMDAwMDAsImRlbGV0ZSI6OTAwMDAwMDAwMDAwfSwic2NoZW1hX3ZlcnNpb24iOiIxIn0=",
          "dependencies": [
            "aws_vpc.swiggy-vpc"
          ]
        }
      ]
    },
    {
      "mode": "managed",
      "type": "aws_security_group",
      "name": "swiggy-db-sg",
      "provider": "provider[\"registry.terraform.io/hashicorp/aws\"]",
      "instances": [
        {
          "schema_version": 1,
          "attributes": {
            "arn": "arn:aws:ec2:ap-south-1:195275645398:security-group/sg-0e70ddba709c91093",
            "description": "Security group for Swiggy Database",
            "egress": [
              {
                "cidr_blocks": [
                  "0.0.0.0/0"
                ],
                "description": "",
                "from_port": 0,
                "ipv6_cidr_blocks": [],
                "prefix_list_ids": [],
                "protocol": "-1",
                "security_groups": [],
                "self": false,
                "to_port": 0
              }
            ],
            "id": "sg-0e70ddba709c91093",
            "ingress": [
              {
                "cidr_blocks": [],
                "description": "",
                "from_port": 3306,
                "ipv6_cidr_blocks": [],
                "prefix_list_ids": [],
                "protocol": "tcp",
                "security_groups": [],
                "self": false,
                "to_port": 3306
              }
            ],
            "name": "swiggy-db-sg",
            "name_prefix": "",
            "owner_id": "195275645398",
            "revoke_rules_on_delete": false,
            "tags": {
              "Name": "Swiggy DB SG"
            },
            "tags_all": {
              "Name": "Swiggy DB SG"
            },
            "timeouts": null,
            "vpc_id": "vpc-063e23854fb94e081"
          },
          "sensitive_attributes": [],
          "private": "eyJlMmJmYjczMC1lY2FhLTExZTYtOGY4OC0zNDM2M2JjN2M0YzAiOnsiY3JlYXRlIjo2MDAwMDAwMDAwMDAsImRlbGV0ZSI6OTAwMDAwMDAwMDAwfSwic2NoZW1hX3ZlcnNpb24iOiIxIn0=",
          "dependencies": [
            "aws_vpc.swiggy-vpc"
          ]
        }
      ]
    },
    {
      "mode": "managed",
      "type": "aws_security_group",
      "name": "swiggy-ec2-asg-sg",
      "provider": "provider[\"registry.terraform.io/hashicorp/aws\"]",
      "instances": [
        {
          "schema_version": 1,
          "attributes": {
            "arn": "arn:aws:ec2:ap-south-1:195275645398:security-group/sg-05b5b2c58a5180f3d",
            "description": "Security group for EC2 instances in ASG",
            "egress": [
              {
                "cidr_blocks": [
                  "0.0.0.0/0"
                ],
                "description": "",
                "from_port": 0,
                "ipv6_cidr_blocks": [],
                "prefix_list_ids": [],
                "protocol": "-1",
                "security_groups": [],
                "self": false,
                "to_port": 0
              }
            ],
            "id": "sg-05b5b2c58a5180f3d",
            "ingress": [
              {
                "cidr_blocks": [
                  "0.0.0.0/0"
                ],
                "description": "",
                "from_port": 443,
                "ipv6_cidr_blocks": [],
                "prefix_list_ids": [],
                "protocol": "tcp",
                "security_groups": [],
                "self": false,
                "to_port": 443
              },
              {
                "cidr_blocks": [
                  "0.0.0.0/0"
                ],
                "description": "",
                "from_port": 80,
                "ipv6_cidr_blocks": [],
                "prefix_list_ids": [],
                "protocol": "tcp",
                "security_groups": [],
                "self": false,
                "to_port": 80
              }
            ],
            "name": "swiggy-ec2-asg-sg",
            "name_prefix": "",
            "owner_id": "195275645398",
            "revoke_rules_on_delete": false,
            "tags": {
              "Name": "swiggy-ec2-asg-sg"
            },
            "tags_all": {
              "Name": "swiggy-ec2-asg-sg"
            },
            "timeouts": null,
            "vpc_id": "vpc-063e23854fb94e081"
          },
          "sensitive_attributes": [],
          "private": "eyJlMmJmYjczMC1lY2FhLTExZTYtOGY4OC0zNDM2M2JjN2M0YzAiOnsiY3JlYXRlIjo2MDAwMDAwMDAwMDAsImRlbGV0ZSI6OTAwMDAwMDAwMDAwfSwic2NoZW1hX3ZlcnNpb24iOiIxIn0=",
          "dependencies": [
            "aws_vpc.swiggy-vpc"
          ]
        }
      ]
    },
    {
      "mode": "managed",
      "type": "aws_security_group",
      "name": "swiggy-ec2-asg-sg-app",
      "provider": "provider[\"registry.terraform.io/hashicorp/aws\"]",
      "instances": [
        {
          "schema_version": 1,
          "attributes": {
            "arn": "arn:aws:ec2:ap-south-1:195275645398:security-group/sg-04e7fe3f674e5fb22",
            "description": "Security group for Swiggy EC2 instances in ASG",
            "egress": [
              {
                "cidr_blocks": [
                  "0.0.0.0/0"
                ],
                "description": "",
                "from_port": 0,
                "ipv6_cidr_blocks": [],
                "prefix_list_ids": [],
                "protocol": "-1",
                "security_groups": [],
                "self": false,
                "to_port": 0
              }
            ],
            "id": "sg-04e7fe3f674e5fb22",
            "ingress": [
              {
                "cidr_blocks": [
                  "0.0.0.0/0"
                ],
                "description": "",
                "from_port": 443,
                "ipv6_cidr_blocks": [],
                "prefix_list_ids": [],
                "protocol": "tcp",
                "security_groups": [],
                "self": false,
                "to_port": 443
              },
              {
                "cidr_blocks": [
                  "0.0.0.0/0"
                ],
                "description": "",
                "from_port": 80,
                "ipv6_cidr_blocks": [],
                "prefix_list_ids": [],
                "protocol": "tcp",
                "security_groups": [],
                "self": false,
                "to_port": 80
              }
            ],
            "name": "swiggy-ec2-asg-sg-app",
            "name_prefix": "",
            "owner_id": "195275645398",
            "revoke_rules_on_delete": false,
            "tags": {
              "Name": "swiggy-ec2-asg-sg-app"
            },
            "tags_all": {
              "Name": "swiggy-ec2-asg-sg-app"
            },
            "timeouts": null,
            "vpc_id": "vpc-063e23854fb94e081"
          },
          "sensitive_attributes": [],
          "private": "eyJlMmJmYjczMC1lY2FhLTExZTYtOGY4OC0zNDM2M2JjN2M0YzAiOnsiY3JlYXRlIjo2MDAwMDAwMDAwMDAsImRlbGV0ZSI6OTAwMDAwMDAwMDAwfSwic2NoZW1hX3ZlcnNpb24iOiIxIn0=",
          "dependencies": [
            "aws_vpc.swiggy-vpc"
          ]
        }
      ]
    },
    {
      "mode": "managed",
      "type": "aws_subnet",
      "name": "swiggy-pub-sub-1",
      "provider": "provider[\"registry.terraform.io/hashicorp/aws\"]",
      "instances": [
        {
          "schema_version": 1,
          "attributes": {
            "arn": "arn:aws:ec2:ap-south-1:195275645398:subnet/subnet-0b255fd8123ba7e7f",
            "assign_ipv6_address_on_creation": false,
            "availability_zone": "ap-south-1a",
            "availability_zone_id": "aps1-az1",
            "cidr_block": "10.0.0.0/28",
            "customer_owned_ipv4_pool": "",
            "enable_dns64": false,
            "enable_lni_at_device_index": 0,
            "enable_resource_name_dns_a_record_on_launch": false,
            "enable_resource_name_dns_aaaa_record_on_launch": false,
            "id": "subnet-0b255fd8123ba7e7f",
            "ipv6_cidr_block": "",
            "ipv6_cidr_block_association_id": "",
            "ipv6_native": false,
            "map_customer_owned_ip_on_launch": false,
            "map_public_ip_on_launch": true,
            "outpost_arn": "",
            "owner_id": "195275645398",
            "private_dns_hostname_type_on_launch": "ip-name",
            "tags": {
              "Name": "swiggy-pub-sub-1"
            },
            "tags_all": {
              "Name": "swiggy-pub-sub-1"
            },
            "timeouts": null,
            "vpc_id": "vpc-063e23854fb94e081"
          },
          "sensitive_attributes": [],
          "private": "eyJlMmJmYjczMC1lY2FhLTExZTYtOGY4OC0zNDM2M2JjN2M0YzAiOnsiY3JlYXRlIjo2MDAwMDAwMDAwMDAsImRlbGV0ZSI6MTIwMDAwMDAwMDAwMH0sInNjaGVtYV92ZXJzaW9uIjoiMSJ9",
          "dependencies": [
            "aws_vpc.swiggy-vpc"
          ]
        }
      ]
    },
    {
      "mode": "managed",
      "type": "aws_subnet",
      "name": "swiggy-pub-sub-2",
      "provider": "provider[\"registry.terraform.io/hashicorp/aws\"]",
      "instances": [
        {
          "schema_version": 1,
          "attributes": {
            "arn": "arn:aws:ec2:ap-south-1:195275645398:subnet/subnet-0c21dae0ee3ee5004",
            "assign_ipv6_address_on_creation": false,
            "availability_zone": "ap-south-1b",
            "availability_zone_id": "aps1-az3",
            "cidr_block": "10.0.0.16/28",
            "customer_owned_ipv4_pool": "",
            "enable_dns64": false,
            "enable_lni_at_device_index": 0,
            "enable_resource_name_dns_a_record_on_launch": false,
            "enable_resource_name_dns_aaaa_record_on_launch": false,
            "id": "subnet-0c21dae0ee3ee5004",
            "ipv6_cidr_block": "",
            "ipv6_cidr_block_association_id": "",
            "ipv6_native": false,
            "map_customer_owned_ip_on_launch": false,
            "map_public_ip_on_launch": true,
            "outpost_arn": "",
            "owner_id": "195275645398",
            "private_dns_hostname_type_on_launch": "ip-name",
            "tags": {
              "Name": "swiggy-pub-sub-2"
            },
            "tags_all": {
              "Name": "swiggy-pub-sub-2"
            },
            "timeouts": null,
            "vpc_id": "vpc-063e23854fb94e081"
          },
          "sensitive_attributes": [],
          "private": "eyJlMmJmYjczMC1lY2FhLTExZTYtOGY4OC0zNDM2M2JjN2M0YzAiOnsiY3JlYXRlIjo2MDAwMDAwMDAwMDAsImRlbGV0ZSI6MTIwMDAwMDAwMDAwMH0sInNjaGVtYV92ZXJzaW9uIjoiMSJ9",
          "dependencies": [
            "aws_vpc.swiggy-vpc"
          ]
        }
      ]
    },
    {
      "mode": "managed",
      "type": "aws_subnet",
      "name": "swiggy-pvt-sub-1",
      "provider": "provider[\"registry.terraform.io/hashicorp/aws\"]",
      "instances": [
        {
          "schema_version": 1,
          "attributes": {
            "arn": "arn:aws:ec2:ap-south-1:195275645398:subnet/subnet-052fcc74a318d5c88",
            "assign_ipv6_address_on_creation": false,
            "availability_zone": "ap-south-1a",
            "availability_zone_id": "aps1-az1",
            "cidr_block": "10.0.0.32/28",
            "customer_owned_ipv4_pool": "",
            "enable_dns64": false,
            "enable_lni_at_device_index": 0,
            "enable_resource_name_dns_a_record_on_launch": false,
            "enable_resource_name_dns_aaaa_record_on_launch": false,
            "id": "subnet-052fcc74a318d5c88",
            "ipv6_cidr_block": "",
            "ipv6_cidr_block_association_id": "",
            "ipv6_native": false,
            "map_customer_owned_ip_on_launch": false,
            "map_public_ip_on_launch": false,
            "outpost_arn": "",
            "owner_id": "195275645398",
            "private_dns_hostname_type_on_launch": "ip-name",
            "tags": {
              "Name": "swiggy-pvt-sub-1"
            },
            "tags_all": {
              "Name": "swiggy-pvt-sub-1"
            },
            "timeouts": null,
            "vpc_id": "vpc-063e23854fb94e081"
          },
          "sensitive_attributes": [],
          "private": "eyJlMmJmYjczMC1lY2FhLTExZTYtOGY4OC0zNDM2M2JjN2M0YzAiOnsiY3JlYXRlIjo2MDAwMDAwMDAwMDAsImRlbGV0ZSI6MTIwMDAwMDAwMDAwMH0sInNjaGVtYV92ZXJzaW9uIjoiMSJ9",
          "dependencies": [
            "aws_vpc.swiggy-vpc"
          ]
        }
      ]
    },
    {
      "mode": "managed",
      "type": "aws_subnet",
      "name": "swiggy-pvt-sub-2",
      "provider": "provider[\"registry.terraform.io/hashicorp/aws\"]",
      "instances": [
        {
          "schema_version": 1,
          "attributes": {
            "arn": "arn:aws:ec2:ap-south-1:195275645398:subnet/subnet-0f7c0aadc65a05ee8",
            "assign_ipv6_address_on_creation": false,
            "availability_zone": "ap-south-1b",
            "availability_zone_id": "aps1-az3",
            "cidr_block": "10.0.0.48/28",
            "customer_owned_ipv4_pool": "",
            "enable_dns64": false,
            "enable_lni_at_device_index": 0,
            "enable_resource_name_dns_a_record_on_launch": false,
            "enable_resource_name_dns_aaaa_record_on_launch": false,
            "id": "subnet-0f7c0aadc65a05ee8",
            "ipv6_cidr_block": "",
            "ipv6_cidr_block_association_id": "",
            "ipv6_native": false,
            "map_customer_owned_ip_on_launch": false,
            "map_public_ip_on_launch": false,
            "outpost_arn": "",
            "owner_id": "195275645398",
            "private_dns_hostname_type_on_launch": "ip-name",
            "tags": {
              "Name": "swiggy-pvt-sub-2"
            },
            "tags_all": {
              "Name": "swiggy-pvt-sub-2"
            },
            "timeouts": null,
            "vpc_id": "vpc-063e23854fb94e081"
          },
          "sensitive_attributes": [],
          "private": "eyJlMmJmYjczMC1lY2FhLTExZTYtOGY4OC0zNDM2M2JjN2M0YzAiOnsiY3JlYXRlIjo2MDAwMDAwMDAwMDAsImRlbGV0ZSI6MTIwMDAwMDAwMDAwMH0sInNjaGVtYV92ZXJzaW9uIjoiMSJ9",
          "dependencies": [
            "aws_vpc.swiggy-vpc"
          ]
        }
      ]
    },
    {
      "mode": "managed",
      "type": "aws_subnet",
      "name": "swiggy-pvt-sub-3",
      "provider": "provider[\"registry.terraform.io/hashicorp/aws\"]",
      "instances": [
        {
          "schema_version": 1,
          "attributes": {
            "arn": "arn:aws:ec2:ap-south-1:195275645398:subnet/subnet-0b0daf50b9ce542b0",
            "assign_ipv6_address_on_creation": false,
            "availability_zone": "ap-south-1a",
            "availability_zone_id": "aps1-az1",
            "cidr_block": "10.0.0.64/28",
            "customer_owned_ipv4_pool": "",
            "enable_dns64": false,
            "enable_lni_at_device_index": 0,
            "enable_resource_name_dns_a_record_on_launch": false,
            "enable_resource_name_dns_aaaa_record_on_launch": false,
            "id": "subnet-0b0daf50b9ce542b0",
            "ipv6_cidr_block": "",
            "ipv6_cidr_block_association_id": "",
            "ipv6_native": false,
            "map_customer_owned_ip_on_launch": false,
            "map_public_ip_on_launch": false,
            "outpost_arn": "",
            "owner_id": "195275645398",
            "private_dns_hostname_type_on_launch": "ip-name",
            "tags": {
              "Name": "swiggy-pvt-sub-3"
            },
            "tags_all": {
              "Name": "swiggy-pvt-sub-3"
            },
            "timeouts": null,
            "vpc_id": "vpc-063e23854fb94e081"
          },
          "sensitive_attributes": [],
          "private": "eyJlMmJmYjczMC1lY2FhLTExZTYtOGY4OC0zNDM2M2JjN2M0YzAiOnsiY3JlYXRlIjo2MDAwMDAwMDAwMDAsImRlbGV0ZSI6MTIwMDAwMDAwMDAwMH0sInNjaGVtYV92ZXJzaW9uIjoiMSJ9",
          "dependencies": [
            "aws_vpc.swiggy-vpc"
          ]
        }
      ]
    },
    {
      "mode": "managed",
      "type": "aws_subnet",
      "name": "swiggy-pvt-sub-4",
      "provider": "provider[\"registry.terraform.io/hashicorp/aws\"]",
      "instances": [
        {
          "schema_version": 1,
          "attributes": {
            "arn": "arn:aws:ec2:ap-south-1:195275645398:subnet/subnet-00dbb45642077f346",
            "assign_ipv6_address_on_creation": false,
            "availability_zone": "ap-south-1b",
            "availability_zone_id": "aps1-az3",
            "cidr_block": "10.0.0.80/28",
            "customer_owned_ipv4_pool": "",
            "enable_dns64": false,
            "enable_lni_at_device_index": 0,
            "enable_resource_name_dns_a_record_on_launch": false,
            "enable_resource_name_dns_aaaa_record_on_launch": false,
            "id": "subnet-00dbb45642077f346",
            "ipv6_cidr_block": "",
            "ipv6_cidr_block_association_id": "",
            "ipv6_native": false,
            "map_customer_owned_ip_on_launch": false,
            "map_public_ip_on_launch": false,
            "outpost_arn": "",
            "owner_id": "195275645398",
            "private_dns_hostname_type_on_launch": "ip-name",
            "tags": {
              "Name": "swiggy-pvt-sub-4"
            },
            "tags_all": {
              "Name": "swiggy-pvt-sub-4"
            },
            "timeouts": null,
            "vpc_id": "vpc-063e23854fb94e081"
          },
          "sensitive_attributes": [],
          "private": "eyJlMmJmYjczMC1lY2FhLTExZTYtOGY4OC0zNDM2M2JjN2M0YzAiOnsiY3JlYXRlIjo2MDAwMDAwMDAwMDAsImRlbGV0ZSI6MTIwMDAwMDAwMDAwMH0sInNjaGVtYV92ZXJzaW9uIjoiMSJ9",
          "dependencies": [
            "aws_vpc.swiggy-vpc"
          ]
        }
      ]
    },
    {
      "mode": "managed",
      "type": "aws_vpc",
      "name": "swiggy-vpc",
      "provider": "provider[\"registry.terraform.io/hashicorp/aws\"]",
      "instances": [
        {
          "schema_version": 1,
          "attributes": {
            "arn": "arn:aws:ec2:ap-south-1:195275645398:vpc/vpc-063e23854fb94e081",
            "assign_generated_ipv6_cidr_block": false,
            "cidr_block": "10.0.0.0/16",
            "default_network_acl_id": "acl-0aa4dfe57622531e2",
            "default_route_table_id": "rtb-01482cd4b5429e766",
            "default_security_group_id": "sg-0968de264cc525d2b",
            "dhcp_options_id": "dopt-0331632bf979fc4bc",
            "enable_dns_hostnames": false,
            "enable_dns_support": true,
            "enable_network_address_usage_metrics": false,
            "id": "vpc-063e23854fb94e081",
            "instance_tenancy": "default",
            "ipv4_ipam_pool_id": null,
            "ipv4_netmask_length": null,
            "ipv6_association_id": "",
            "ipv6_cidr_block": "",
            "ipv6_cidr_block_network_border_group": "",
            "ipv6_ipam_pool_id": "",
            "ipv6_netmask_length": 0,
            "main_route_table_id": "rtb-01482cd4b5429e766",
            "owner_id": "195275645398",
            "tags": {
              "Name": "swiggy-vpc"
            },
            "tags_all": {
              "Name": "swiggy-vpc"
            }
          },
          "sensitive_attributes": [],
          "private": "eyJzY2hlbWFfdmVyc2lvbiI6IjEifQ=="
        }
      ]
    },
    {
      "mode": "managed",
      "type": "local_file",
      "name": "private_key_pem",
      "provider": "provider[\"registry.terraform.io/hashicorp/local\"]",
      "instances": [
        {
          "schema_version": 0,
          "attributes": {
            "content": "-----BEGIN RSA PRIVATE KEY-----\nMIIJKAIBAAKCAgEApGj0E1XrZ5F7VlXZxKJ/ItvQ9G0Xwe4L/a/A/kG+BhxQ3mof\nngVyGKq2NBfogjMULvz9GVPt++9pbQIWj6kHe3jgfsNI3+LNlqOdTkQzyAuuINy+\nczvbAz2zVQX0CLURgNUlhJ8A5xwgGuFbH8KhQ4c765UUQpeczVeSfmQEPOEYoovY\nnMSfgFy20YJ8hCDUskfhPx1KcBWrOEVhOrMMjIbz7WMA0roTxeH5EtpwFPjFqdhj\nrfDgkMqo8d89+IvFk3ADBC3J017/3yVGoLbDNlNptA6tKtxdiHdBTbSsYf68uezt\nw7mp6vzVCPq0RE1+6uybI2Ypb92VLWu3Q3SKRsRIA1mP/EwfFEQv7kenYAXWFZof\nbWqfoQEp7gmOIxcVfqZOUk1oFJn8mBq/YzkO097/l5f/Phz7hck7uVIXWujgq16v\nPnzvQtODclBmhxp8IWEVEYJw3BmZne0CVrgJPpHZsuKGK7wHaZUg+0kAjOoBGlto\npNutfDTZ2semDT3zxaOi7bprGZa0EF1ZSrOhIRGnw+smWAwOydWpsIL3UUzEh8WF\nC9L5a/EEDDc5N79Ema/BrkuVfJrT1R1xXyENFy9X6AVwU63+QPD7r/WMRu1LXNlo\nWkXqGS0tDDfibP4xn786Osj/ZOeK9WuVqC9xyctVzJBqVtNrO65S+ZgIWMECAwEA\nAQKCAgBljEnNM5F929bhYY9rK675OepbPpKg/sY7P/YlVTfokE7Gwaebs+NgJvj5\nPhcnbCM4TpyJq1Rf+uUUJmkG/LEZa3TF9xqo5m5zb8V2lRuioMxBkfa0ODEzVEXS\n6yVqx2PzPjO5MXieRrnxwGXHPTDcA8hX3zGvW/PGxSM/m8keTS4pH9WAJtYZs6pb\nx4vfFGQrZchTcmUKy+eAjyHZ3sOOfMBnTHIytioGXGe6ZF88JNf56yTOR+x8oiAt\nnOSrArHbOiEy0JFLU+8Yxe5Uz+3NPUIZq8L7qTbAVmBofYLH2E57TEMjVCcGdHmk\n3SzAz1joA5JjD/PiG2vLrS95o57PzxMBxiISc5IZaKEZRXgIX4Cwmd3VZ+2FgfDr\ns1Rd+ESGuyumUf91m0LIeV3dEphRFwZDrxyJEZ/u85hb2W4PNo8Yfxe00wNH4af3\nr4j89LoAXkAVU6pSXMT7Kr23fh2DEdzalJY8ZtzgyGkXdxCSeQCuhMNPKe3SAwt+\nmj//aTHircwI+tkVhNWtfo0cp4E5e2I/m9Y1ukm8A649/TKKOzwkVvY7AJniq5BW\nmr2/NRbQR5msWZ2lik4tqGSZd08uSOAmAmBjk9sGJIGH/epfiDzgvZh/CUNH0yKc\n/wJ8JwMygNqFDSj2eF1g+uXW2GMJeTXSRAIApEhia+9sPwk5/QKCAQEAwg2wo3Ba\nbRk/ts+cNwdkwlu5qczp9ITDtpEymRSOgvjiyipHVKIu0GWk8eQDhcbF0wT/jJ4A\n1ofi7cqvh4M93w82QridesUVGa5U5j6jwu8RO8rA9hnsj5biy0HxzttfvuN5Wam4\nxwNpRVs8NYnxpKppt6aU/Koqg1cKkTRO1p3xGcrPG3EJ9oYn7GDodGqQ98Jv+dHs\n1BjAklLPAdJk6uOiSLLqtp2K6MWnNtLnvL4SjreS+Qqvx+b28DkwckkdcO8zMfvD\n4mroR8cfQmAUkeNoekJ5gxU8fxrqr3Sl8u/h0TQ83rMqz95QrJrIULEYgWrCjjCa\nsbDWPw4WqhRyLwKCAQEA2OTBuGuVQ0phD2mhaXQi6DMNaCU8gsq4dla/PrcU/SEf\n1i5REnnrnScjc2SBpwQo1y6BXpy0jmJHWrcori1G21h0dOZ4kQkds1t9op1W2Aj8\nifHIreK+//GESIHj1WjUk44hfkgjhHEg8Wiqp2tW8JlLO8tlpukWIECErV/q9Pch\npvnA48jPyGGmqt8UPu+FwdNmDgsHSSQk/glUF1EiNAmwzke0OhioHGfKyKfE3uaY\n8r8DQB0A5fNQAoQx0fF+btC8JWvviWhD87NwhOomSVdkNp0+mIHrMQft2nhyDinr\n5OwyHiTd9V9deeHWncWIDy0s3n+ABixRLqyL3eLYDwKCAQAlgbXhcSbZLWcmM2xz\nKmesNURmcGfLzhlx4RCRi+qbn/Vds9xDnHFF8E94PWT851V3GuE10ZhB3tPauDFD\nFPfRdEQ9kydFAnC4nPxl4DeQxtpi3yZ6qroRas19Ecrl+3q/D4J19Rr0xFEFicPS\naU4eUJ3MVFM5nr5G0n0FYcHXM4HVRWDQYgHV90oiIvzq+2n3qUoxVATdXcdiwMSo\nCn1c9RB50rMRBtRBd2qBazRFQ8uccBjlL86X6alS9wrJHB6npGQVxh6vVZB9xxvg\nnWd8ZyLbdpu73U/rFU3FCdvFX94arGkTdjfRI5weMHCFQCWHZhYim3xa2d4fI973\nkqobAoIBAA7IkNe0JYlfoXv+dC0O6G4xRKGroBM+JBKU2RY6Pmj+gAAGSipbOw8M\nIuNzn061/t6j4deEEN5/nmN1hoVQurqqrc1mBCPGnkqiWs7hsJCrFCOG4mnPwbsK\nSDz09YWPTqX8ExZbbmhRmbA6tR8SNuvRVwptU7Frw8FRBHoYxpgJ3DZYYahlAJyk\n40pUSDn9830BnrwoTkfS+d6C3kN0mUM4wd9djdBD6/l7rZu9q7KRvy0UjfEpyOzj\nh7mULx0jO73r5lcao0oXXEJZIbs9hnyLQ15hm2mjuVcvNiwk94k1nEmPO99IHgTi\niimLlihM1XhLWPqVcDF7hdELm8D0/EsCggEBAKGmV5hke4/qVayY8jTQKrcg+WMO\nXQiZgpxS6MH0uOMuKeUTT4jQC8d5KWwPKxaNjEa2iexESkd/n73UZLh+j+OQqRDU\nwre/iuBk3K1mbdJNaq9QTFwVH1yogNnlBtnHfwlyZ5ZpttEfFz3dgsK8M4IEwkof\nbZqyzIs0SCeWvWEo5TJWj3S3lF9to+xDYBji4dzGzxXKbQvkl0oc4WtsaFhWp2Gy\n1FYEHiTz7mJG+UbMAk71fL8/JNkdzRrjypkk98JG7/YZ2DDYEng5+5RwuuwDsVWc\n8DuExiPiQhdKK+DDypomRWm2aHpgyIg5ddMOAiQ1VLIYvmKuWRtw3XiIDpw=\n-----END RSA PRIVATE KEY-----\n",
            "content_base64": null,
            "content_base64sha256": "bjpuNbS4A+Coes9Jtlflg5aF69O1tIYMJ4brzoJbZuM=",
            "content_base64sha512": "d+qpIpDqHonD4VyI/okzv/YeFl/VrHKkh4/gSwLHXK91S4BJl6tScV2VpL4gybBbTCW0gBg5uwNWONAnQ8TtWg==",
            "content_md5": "8edf3ea60ccca8f690d0183acefb76b5",
            "content_sha1": "c1bfcbf271fbcd1bc9d3fc113efa9e14ac1ff8af",
            "content_sha256": "6e3a6e35b4b803e0a87acf49b657e5839685ebd3b5b4860c2786ebce825b66e3",
            "content_sha512": "77eaa92290ea1e89c3e15c88fe8933bff61e165fd5ac72a4878fe04b02c75caf754b804997ab52715d95a4be20c9b05b4c25b4801839bb035638d02743c4ed5a",
            "directory_permission": "0777",
            "file_permission": "0777",
            "filename": "devopsbyraham.pem",
            "id": "c1bfcbf271fbcd1bc9d3fc113efa9e14ac1ff8af",
            "sensitive_content": null,
            "source": null
          },
          "sensitive_attributes": [
            [
              {
                "type": "get_attr",
                "value": "sensitive_content"
              }
            ],
            [
              {
                "type": "get_attr",
                "value": "content"
              }
            ]
          ],
          "dependencies": [
            "tls_private_key.rsa-4096-example"
          ]
        }
      ]
    },
    {
      "mode": "managed",
      "type": "tls_private_key",
      "name": "rsa-4096-example",
      "provider": "provider[\"registry.terraform.io/hashicorp/tls\"]",
      "instances": [
        {
          "schema_version": 1,
          "attributes": {
            "algorithm": "RSA",
            "ecdsa_curve": "P224",
            "id": "0dc364f8a3f1c03e201cb8e317e8a29a1aced889",
            "private_key_openssh": "-----BEGIN OPENSSH PRIVATE KEY-----\nb3BlbnNzaC1rZXktdjEAAAAABG5vbmUAAAAEbm9uZQAAAAAAAAABAAACFwAAAAdz\nc2gtcnNhAAAAAwEAAQAAAgEApGj0E1XrZ5F7VlXZxKJ/ItvQ9G0Xwe4L/a/A/kG+\nBhxQ3mofngVyGKq2NBfogjMULvz9GVPt++9pbQIWj6kHe3jgfsNI3+LNlqOdTkQz\nyAuuINy+czvbAz2zVQX0CLURgNUlhJ8A5xwgGuFbH8KhQ4c765UUQpeczVeSfmQE\nPOEYoovYnMSfgFy20YJ8hCDUskfhPx1KcBWrOEVhOrMMjIbz7WMA0roTxeH5Etpw\nFPjFqdhjrfDgkMqo8d89+IvFk3ADBC3J017/3yVGoLbDNlNptA6tKtxdiHdBTbSs\nYf68ueztw7mp6vzVCPq0RE1+6uybI2Ypb92VLWu3Q3SKRsRIA1mP/EwfFEQv7ken\nYAXWFZofbWqfoQEp7gmOIxcVfqZOUk1oFJn8mBq/YzkO097/l5f/Phz7hck7uVIX\nWujgq16vPnzvQtODclBmhxp8IWEVEYJw3BmZne0CVrgJPpHZsuKGK7wHaZUg+0kA\njOoBGltopNutfDTZ2semDT3zxaOi7bprGZa0EF1ZSrOhIRGnw+smWAwOydWpsIL3\nUUzEh8WFC9L5a/EEDDc5N79Ema/BrkuVfJrT1R1xXyENFy9X6AVwU63+QPD7r/WM\nRu1LXNloWkXqGS0tDDfibP4xn786Osj/ZOeK9WuVqC9xyctVzJBqVtNrO65S+ZgI\nWMEAAAc4fMqvWHzKr1gAAAAHc3NoLXJzYQAAAgEApGj0E1XrZ5F7VlXZxKJ/ItvQ\n9G0Xwe4L/a/A/kG+BhxQ3mofngVyGKq2NBfogjMULvz9GVPt++9pbQIWj6kHe3jg\nfsNI3+LNlqOdTkQzyAuuINy+czvbAz2zVQX0CLURgNUlhJ8A5xwgGuFbH8KhQ4c7\n65UUQpeczVeSfmQEPOEYoovYnMSfgFy20YJ8hCDUskfhPx1KcBWrOEVhOrMMjIbz\n7WMA0roTxeH5EtpwFPjFqdhjrfDgkMqo8d89+IvFk3ADBC3J017/3yVGoLbDNlNp\ntA6tKtxdiHdBTbSsYf68ueztw7mp6vzVCPq0RE1+6uybI2Ypb92VLWu3Q3SKRsRI\nA1mP/EwfFEQv7kenYAXWFZofbWqfoQEp7gmOIxcVfqZOUk1oFJn8mBq/YzkO097/\nl5f/Phz7hck7uVIXWujgq16vPnzvQtODclBmhxp8IWEVEYJw3BmZne0CVrgJPpHZ\nsuKGK7wHaZUg+0kAjOoBGltopNutfDTZ2semDT3zxaOi7bprGZa0EF1ZSrOhIRGn\nw+smWAwOydWpsIL3UUzEh8WFC9L5a/EEDDc5N79Ema/BrkuVfJrT1R1xXyENFy9X\n6AVwU63+QPD7r/WMRu1LXNloWkXqGS0tDDfibP4xn786Osj/ZOeK9WuVqC9xyctV\nzJBqVtNrO65S+ZgIWMEAAAADAQABAAACAGWMSc0zkX3b1uFhj2srrvk56ls+kqD+\nxjs/9iVVN+iQTsbBp5uz42Am+Pk+FydsIzhOnImrVF/65RQmaQb8sRlrdMX3Gqjm\nbnNvxXaVG6KgzEGR9rQ4MTNURdLrJWrHY/M+M7kxeJ5GufHAZcc9MNwDyFffMa9b\n88bFIz+byR5NLikf1YAm1hmzqlvHi98UZCtlyFNyZQrL54CPIdnew458wGdMcjK2\nKgZcZ7pkXzwk1/nrJM5H7HyiIC2c5KsCsds6ITLQkUtT7xjF7lTP7c09Qhmrwvup\nNsBWYGh9gsfYTntMQyNUJwZ0eaTdLMDPWOgDkmMP8+Iba8utL3mjns/PEwHGIhJz\nkhlooRlFeAhfgLCZ3dVn7YWB8OuzVF34RIa7K6ZR/3WbQsh5Xd0SmFEXBkOvHIkR\nn+7zmFvZbg82jxh/F7TTA0fhp/eviPz0ugBeQBVTqlJcxPsqvbd+HYMR3NqUljxm\n3ODIaRd3EJJ5AK6Ew08p7dIDC36aP/9pMeKtzAj62RWE1a1+jRyngTl7Yj+b1jW6\nSbwDrj39Moo7PCRW9jsAmeKrkFaavb81FtBHmaxZnaWKTi2oZJl3Ty5I4CYCYGOT\n2wYkgYf96l+IPOC9mH8JQ0fTIpz/AnwnAzKA2oUNKPZ4XWD65dbYYwl5NdJEAgCk\nSGJr72w/CTn9AAABAQChpleYZHuP6lWsmPI00Cq3IPljDl0ImYKcUujB9LjjLinl\nE0+I0AvHeSlsDysWjYxGtonsREpHf5+91GS4fo/jkKkQ1MK3v4rgZNytZm3STWqv\nUExcFR9cqIDZ5QbZx38JcmeWabbRHxc93YLCvDOCBMJKH22assyLNEgnlr1hKOUy\nVo90t5RfbaPsQ2AY4uHcxs8Vym0L5JdKHOFrbGhYVqdhstRWBB4k8+5iRvlGzAJO\n9Xy/PyTZHc0a48qZJPfCRu/2Gdgw2BJ4OfuUcLrsA7FVnPA7hMYj4kIXSivgw8qa\nJkVptmh6YMiIOXXTDgIkNVSyGL5irlkbcN14iA6cAAABAQDCDbCjcFptGT+2z5w3\nB2TCW7mpzOn0hMO2kTKZFI6C+OLKKkdUoi7QZaTx5AOFxsXTBP+MngDWh+Ltyq+H\ngz3fDzZCuJ16xRUZrlTmPqPC7xE7ysD2GeyPluLLQfHO21++43lZqbjHA2lFWzw1\nifGkqmm3ppT8qiqDVwqRNE7WnfEZys8bcQn2hifsYOh0apD3wm/50ezUGMCSUs8B\n0mTq46JIsuq2nYroxac20ue8vhKOt5L5Cq/H5vbwOTBySR1w7zMx+8PiauhHxx9C\nYBSR42h6QnmDFTx/GuqvdKXy7+HRNDzesyrP3lCsmshQsRiBasKOMJqxsNY/Dhaq\nFHIvAAABAQDY5MG4a5VDSmEPaaFpdCLoMw1oJTyCyrh2Vr8+txT9IR/WLlESeeud\nJyNzZIGnBCjXLoFenLSOYkdatyiuLUbbWHR05niRCR2zW32inVbYCPyJ8cit4r7/\n8YRIgePVaNSTjiF+SCOEcSDxaKqna1bwmUs7y2Wm6RYgQIStX+r09yGm+cDjyM/I\nYaaq3xQ+74XB02YOCwdJJCT+CVQXUSI0CbDOR7Q6GKgcZ8rIp8Te5pjyvwNAHQDl\n81AChDHR8X5u0Lwla++JaEPzs3CE6iZJV2Q2nT6YgesxB+3aeHIOKevk7DIeJN31\nX1154dadxYgPLSzef4AGLFEurIvd4tgPAAAAAAEC\n-----END OPENSSH PRIVATE KEY-----\n",
            "private_key_pem": "-----BEGIN RSA PRIVATE KEY-----\nMIIJKAIBAAKCAgEApGj0E1XrZ5F7VlXZxKJ/ItvQ9G0Xwe4L/a/A/kG+BhxQ3mof\nngVyGKq2NBfogjMULvz9GVPt++9pbQIWj6kHe3jgfsNI3+LNlqOdTkQzyAuuINy+\nczvbAz2zVQX0CLURgNUlhJ8A5xwgGuFbH8KhQ4c765UUQpeczVeSfmQEPOEYoovY\nnMSfgFy20YJ8hCDUskfhPx1KcBWrOEVhOrMMjIbz7WMA0roTxeH5EtpwFPjFqdhj\nrfDgkMqo8d89+IvFk3ADBC3J017/3yVGoLbDNlNptA6tKtxdiHdBTbSsYf68uezt\nw7mp6vzVCPq0RE1+6uybI2Ypb92VLWu3Q3SKRsRIA1mP/EwfFEQv7kenYAXWFZof\nbWqfoQEp7gmOIxcVfqZOUk1oFJn8mBq/YzkO097/l5f/Phz7hck7uVIXWujgq16v\nPnzvQtODclBmhxp8IWEVEYJw3BmZne0CVrgJPpHZsuKGK7wHaZUg+0kAjOoBGlto\npNutfDTZ2semDT3zxaOi7bprGZa0EF1ZSrOhIRGnw+smWAwOydWpsIL3UUzEh8WF\nC9L5a/EEDDc5N79Ema/BrkuVfJrT1R1xXyENFy9X6AVwU63+QPD7r/WMRu1LXNlo\nWkXqGS0tDDfibP4xn786Osj/ZOeK9WuVqC9xyctVzJBqVtNrO65S+ZgIWMECAwEA\nAQKCAgBljEnNM5F929bhYY9rK675OepbPpKg/sY7P/YlVTfokE7Gwaebs+NgJvj5\nPhcnbCM4TpyJq1Rf+uUUJmkG/LEZa3TF9xqo5m5zb8V2lRuioMxBkfa0ODEzVEXS\n6yVqx2PzPjO5MXieRrnxwGXHPTDcA8hX3zGvW/PGxSM/m8keTS4pH9WAJtYZs6pb\nx4vfFGQrZchTcmUKy+eAjyHZ3sOOfMBnTHIytioGXGe6ZF88JNf56yTOR+x8oiAt\nnOSrArHbOiEy0JFLU+8Yxe5Uz+3NPUIZq8L7qTbAVmBofYLH2E57TEMjVCcGdHmk\n3SzAz1joA5JjD/PiG2vLrS95o57PzxMBxiISc5IZaKEZRXgIX4Cwmd3VZ+2FgfDr\ns1Rd+ESGuyumUf91m0LIeV3dEphRFwZDrxyJEZ/u85hb2W4PNo8Yfxe00wNH4af3\nr4j89LoAXkAVU6pSXMT7Kr23fh2DEdzalJY8ZtzgyGkXdxCSeQCuhMNPKe3SAwt+\nmj//aTHircwI+tkVhNWtfo0cp4E5e2I/m9Y1ukm8A649/TKKOzwkVvY7AJniq5BW\nmr2/NRbQR5msWZ2lik4tqGSZd08uSOAmAmBjk9sGJIGH/epfiDzgvZh/CUNH0yKc\n/wJ8JwMygNqFDSj2eF1g+uXW2GMJeTXSRAIApEhia+9sPwk5/QKCAQEAwg2wo3Ba\nbRk/ts+cNwdkwlu5qczp9ITDtpEymRSOgvjiyipHVKIu0GWk8eQDhcbF0wT/jJ4A\n1ofi7cqvh4M93w82QridesUVGa5U5j6jwu8RO8rA9hnsj5biy0HxzttfvuN5Wam4\nxwNpRVs8NYnxpKppt6aU/Koqg1cKkTRO1p3xGcrPG3EJ9oYn7GDodGqQ98Jv+dHs\n1BjAklLPAdJk6uOiSLLqtp2K6MWnNtLnvL4SjreS+Qqvx+b28DkwckkdcO8zMfvD\n4mroR8cfQmAUkeNoekJ5gxU8fxrqr3Sl8u/h0TQ83rMqz95QrJrIULEYgWrCjjCa\nsbDWPw4WqhRyLwKCAQEA2OTBuGuVQ0phD2mhaXQi6DMNaCU8gsq4dla/PrcU/SEf\n1i5REnnrnScjc2SBpwQo1y6BXpy0jmJHWrcori1G21h0dOZ4kQkds1t9op1W2Aj8\nifHIreK+//GESIHj1WjUk44hfkgjhHEg8Wiqp2tW8JlLO8tlpukWIECErV/q9Pch\npvnA48jPyGGmqt8UPu+FwdNmDgsHSSQk/glUF1EiNAmwzke0OhioHGfKyKfE3uaY\n8r8DQB0A5fNQAoQx0fF+btC8JWvviWhD87NwhOomSVdkNp0+mIHrMQft2nhyDinr\n5OwyHiTd9V9deeHWncWIDy0s3n+ABixRLqyL3eLYDwKCAQAlgbXhcSbZLWcmM2xz\nKmesNURmcGfLzhlx4RCRi+qbn/Vds9xDnHFF8E94PWT851V3GuE10ZhB3tPauDFD\nFPfRdEQ9kydFAnC4nPxl4DeQxtpi3yZ6qroRas19Ecrl+3q/D4J19Rr0xFEFicPS\naU4eUJ3MVFM5nr5G0n0FYcHXM4HVRWDQYgHV90oiIvzq+2n3qUoxVATdXcdiwMSo\nCn1c9RB50rMRBtRBd2qBazRFQ8uccBjlL86X6alS9wrJHB6npGQVxh6vVZB9xxvg\nnWd8ZyLbdpu73U/rFU3FCdvFX94arGkTdjfRI5weMHCFQCWHZhYim3xa2d4fI973\nkqobAoIBAA7IkNe0JYlfoXv+dC0O6G4xRKGroBM+JBKU2RY6Pmj+gAAGSipbOw8M\nIuNzn061/t6j4deEEN5/nmN1hoVQurqqrc1mBCPGnkqiWs7hsJCrFCOG4mnPwbsK\nSDz09YWPTqX8ExZbbmhRmbA6tR8SNuvRVwptU7Frw8FRBHoYxpgJ3DZYYahlAJyk\n40pUSDn9830BnrwoTkfS+d6C3kN0mUM4wd9djdBD6/l7rZu9q7KRvy0UjfEpyOzj\nh7mULx0jO73r5lcao0oXXEJZIbs9hnyLQ15hm2mjuVcvNiwk94k1nEmPO99IHgTi\niimLlihM1XhLWPqVcDF7hdELm8D0/EsCggEBAKGmV5hke4/qVayY8jTQKrcg+WMO\nXQiZgpxS6MH0uOMuKeUTT4jQC8d5KWwPKxaNjEa2iexESkd/n73UZLh+j+OQqRDU\nwre/iuBk3K1mbdJNaq9QTFwVH1yogNnlBtnHfwlyZ5ZpttEfFz3dgsK8M4IEwkof\nbZqyzIs0SCeWvWEo5TJWj3S3lF9to+xDYBji4dzGzxXKbQvkl0oc4WtsaFhWp2Gy\n1FYEHiTz7mJG+UbMAk71fL8/JNkdzRrjypkk98JG7/YZ2DDYEng5+5RwuuwDsVWc\n8DuExiPiQhdKK+DDypomRWm2aHpgyIg5ddMOAiQ1VLIYvmKuWRtw3XiIDpw=\n-----END RSA PRIVATE KEY-----\n",
            "private_key_pem_pkcs8": "-----BEGIN PRIVATE KEY-----\nMIIJQgIBADANBgkqhkiG9w0BAQEFAASCCSwwggkoAgEAAoICAQCkaPQTVetnkXtW\nVdnEon8i29D0bRfB7gv9r8D+Qb4GHFDeah+eBXIYqrY0F+iCMxQu/P0ZU+3772lt\nAhaPqQd7eOB+w0jf4s2Wo51ORDPIC64g3L5zO9sDPbNVBfQItRGA1SWEnwDnHCAa\n4VsfwqFDhzvrlRRCl5zNV5J+ZAQ84Riii9icxJ+AXLbRgnyEINSyR+E/HUpwFas4\nRWE6swyMhvPtYwDSuhPF4fkS2nAU+MWp2GOt8OCQyqjx3z34i8WTcAMELcnTXv/f\nJUagtsM2U2m0Dq0q3F2Id0FNtKxh/ry57O3Duanq/NUI+rRETX7q7JsjZilv3ZUt\na7dDdIpGxEgDWY/8TB8URC/uR6dgBdYVmh9tap+hASnuCY4jFxV+pk5STWgUmfyY\nGr9jOQ7T3v+Xl/8+HPuFyTu5Uhda6OCrXq8+fO9C04NyUGaHGnwhYRURgnDcGZmd\n7QJWuAk+kdmy4oYrvAdplSD7SQCM6gEaW2ik2618NNnax6YNPfPFo6LtumsZlrQQ\nXVlKs6EhEafD6yZYDA7J1amwgvdRTMSHxYUL0vlr8QQMNzk3v0SZr8GuS5V8mtPV\nHXFfIQ0XL1foBXBTrf5A8Puv9YxG7Utc2WhaReoZLS0MN+Js/jGfvzo6yP9k54r1\na5WoL3HJy1XMkGpW02s7rlL5mAhYwQIDAQABAoICAGWMSc0zkX3b1uFhj2srrvk5\n6ls+kqD+xjs/9iVVN+iQTsbBp5uz42Am+Pk+FydsIzhOnImrVF/65RQmaQb8sRlr\ndMX3GqjmbnNvxXaVG6KgzEGR9rQ4MTNURdLrJWrHY/M+M7kxeJ5GufHAZcc9MNwD\nyFffMa9b88bFIz+byR5NLikf1YAm1hmzqlvHi98UZCtlyFNyZQrL54CPIdnew458\nwGdMcjK2KgZcZ7pkXzwk1/nrJM5H7HyiIC2c5KsCsds6ITLQkUtT7xjF7lTP7c09\nQhmrwvupNsBWYGh9gsfYTntMQyNUJwZ0eaTdLMDPWOgDkmMP8+Iba8utL3mjns/P\nEwHGIhJzkhlooRlFeAhfgLCZ3dVn7YWB8OuzVF34RIa7K6ZR/3WbQsh5Xd0SmFEX\nBkOvHIkRn+7zmFvZbg82jxh/F7TTA0fhp/eviPz0ugBeQBVTqlJcxPsqvbd+HYMR\n3NqUljxm3ODIaRd3EJJ5AK6Ew08p7dIDC36aP/9pMeKtzAj62RWE1a1+jRyngTl7\nYj+b1jW6SbwDrj39Moo7PCRW9jsAmeKrkFaavb81FtBHmaxZnaWKTi2oZJl3Ty5I\n4CYCYGOT2wYkgYf96l+IPOC9mH8JQ0fTIpz/AnwnAzKA2oUNKPZ4XWD65dbYYwl5\nNdJEAgCkSGJr72w/CTn9AoIBAQDCDbCjcFptGT+2z5w3B2TCW7mpzOn0hMO2kTKZ\nFI6C+OLKKkdUoi7QZaTx5AOFxsXTBP+MngDWh+Ltyq+Hgz3fDzZCuJ16xRUZrlTm\nPqPC7xE7ysD2GeyPluLLQfHO21++43lZqbjHA2lFWzw1ifGkqmm3ppT8qiqDVwqR\nNE7WnfEZys8bcQn2hifsYOh0apD3wm/50ezUGMCSUs8B0mTq46JIsuq2nYroxac2\n0ue8vhKOt5L5Cq/H5vbwOTBySR1w7zMx+8PiauhHxx9CYBSR42h6QnmDFTx/Guqv\ndKXy7+HRNDzesyrP3lCsmshQsRiBasKOMJqxsNY/DhaqFHIvAoIBAQDY5MG4a5VD\nSmEPaaFpdCLoMw1oJTyCyrh2Vr8+txT9IR/WLlESeeudJyNzZIGnBCjXLoFenLSO\nYkdatyiuLUbbWHR05niRCR2zW32inVbYCPyJ8cit4r7/8YRIgePVaNSTjiF+SCOE\ncSDxaKqna1bwmUs7y2Wm6RYgQIStX+r09yGm+cDjyM/IYaaq3xQ+74XB02YOCwdJ\nJCT+CVQXUSI0CbDOR7Q6GKgcZ8rIp8Te5pjyvwNAHQDl81AChDHR8X5u0Lwla++J\naEPzs3CE6iZJV2Q2nT6YgesxB+3aeHIOKevk7DIeJN31X1154dadxYgPLSzef4AG\nLFEurIvd4tgPAoIBACWBteFxJtktZyYzbHMqZ6w1RGZwZ8vOGXHhEJGL6puf9V2z\n3EOccUXwT3g9ZPznVXca4TXRmEHe09q4MUMU99F0RD2TJ0UCcLic/GXgN5DG2mLf\nJnqquhFqzX0RyuX7er8PgnX1GvTEUQWJw9JpTh5QncxUUzmevkbSfQVhwdczgdVF\nYNBiAdX3SiIi/Or7afepSjFUBN1dx2LAxKgKfVz1EHnSsxEG1EF3aoFrNEVDy5xw\nGOUvzpfpqVL3CskcHqekZBXGHq9VkH3HG+CdZ3xnItt2m7vdT+sVTcUJ28Vf3hqs\naRN2N9EjnB4wcIVAJYdmFiKbfFrZ3h8j3veSqhsCggEADsiQ17QliV+he/50LQ7o\nbjFEoaugEz4kEpTZFjo+aP6AAAZKKls7Dwwi43OfTrX+3qPh14QQ3n+eY3WGhVC6\nuqqtzWYEI8aeSqJazuGwkKsUI4biac/BuwpIPPT1hY9OpfwTFltuaFGZsDq1HxI2\n69FXCm1TsWvDwVEEehjGmAncNlhhqGUAnKTjSlRIOf3zfQGevChOR9L53oLeQ3SZ\nQzjB312N0EPr+Xutm72rspG/LRSN8SnI7OOHuZQvHSM7vevmVxqjShdcQlkhuz2G\nfItDXmGbaaO5Vy82LCT3iTWcSY8730geBOKKKYuWKEzVeEtY+pVwMXuF0QubwPT8\nSwKCAQEAoaZXmGR7j+pVrJjyNNAqtyD5Yw5dCJmCnFLowfS44y4p5RNPiNALx3kp\nbA8rFo2MRraJ7ERKR3+fvdRkuH6P45CpENTCt7+K4GTcrWZt0k1qr1BMXBUfXKiA\n2eUG2cd/CXJnlmm20R8XPd2CwrwzggTCSh9tmrLMizRIJ5a9YSjlMlaPdLeUX22j\n7ENgGOLh3MbPFcptC+SXShzha2xoWFanYbLUVgQeJPPuYkb5RswCTvV8vz8k2R3N\nGuPKmST3wkbv9hnYMNgSeDn7lHC67AOxVZzwO4TGI+JCF0or4MPKmiZFabZoemDI\niDl10w4CJDVUshi+Yq5ZG3DdeIgOnA==\n-----END PRIVATE KEY-----\n",
            "public_key_fingerprint_md5": "40:d0:10:36:13:96:97:1c:f5:84:1a:be:c3:c2:5b:6f",
            "public_key_fingerprint_sha256": "SHA256:ATI/B6rfaoMmQIpDmRSILkwAahBE+aENw48ZcXZl3Jc",
            "public_key_openssh": "ssh-rsa AAAAB3NzaC1yc2EAAAADAQABAAACAQCkaPQTVetnkXtWVdnEon8i29D0bRfB7gv9r8D+Qb4GHFDeah+eBXIYqrY0F+iCMxQu/P0ZU+3772ltAhaPqQd7eOB+w0jf4s2Wo51ORDPIC64g3L5zO9sDPbNVBfQItRGA1SWEnwDnHCAa4VsfwqFDhzvrlRRCl5zNV5J+ZAQ84Riii9icxJ+AXLbRgnyEINSyR+E/HUpwFas4RWE6swyMhvPtYwDSuhPF4fkS2nAU+MWp2GOt8OCQyqjx3z34i8WTcAMELcnTXv/fJUagtsM2U2m0Dq0q3F2Id0FNtKxh/ry57O3Duanq/NUI+rRETX7q7JsjZilv3ZUta7dDdIpGxEgDWY/8TB8URC/uR6dgBdYVmh9tap+hASnuCY4jFxV+pk5STWgUmfyYGr9jOQ7T3v+Xl/8+HPuFyTu5Uhda6OCrXq8+fO9C04NyUGaHGnwhYRURgnDcGZmd7QJWuAk+kdmy4oYrvAdplSD7SQCM6gEaW2ik2618NNnax6YNPfPFo6LtumsZlrQQXVlKs6EhEafD6yZYDA7J1amwgvdRTMSHxYUL0vlr8QQMNzk3v0SZr8GuS5V8mtPVHXFfIQ0XL1foBXBTrf5A8Puv9YxG7Utc2WhaReoZLS0MN+Js/jGfvzo6yP9k54r1a5WoL3HJy1XMkGpW02s7rlL5mAhYwQ==\n",
            "public_key_pem": "-----BEGIN PUBLIC KEY-----\nMIICIjANBgkqhkiG9w0BAQEFAAOCAg8AMIICCgKCAgEApGj0E1XrZ5F7VlXZxKJ/\nItvQ9G0Xwe4L/a/A/kG+BhxQ3mofngVyGKq2NBfogjMULvz9GVPt++9pbQIWj6kH\ne3jgfsNI3+LNlqOdTkQzyAuuINy+czvbAz2zVQX0CLURgNUlhJ8A5xwgGuFbH8Kh\nQ4c765UUQpeczVeSfmQEPOEYoovYnMSfgFy20YJ8hCDUskfhPx1KcBWrOEVhOrMM\njIbz7WMA0roTxeH5EtpwFPjFqdhjrfDgkMqo8d89+IvFk3ADBC3J017/3yVGoLbD\nNlNptA6tKtxdiHdBTbSsYf68ueztw7mp6vzVCPq0RE1+6uybI2Ypb92VLWu3Q3SK\nRsRIA1mP/EwfFEQv7kenYAXWFZofbWqfoQEp7gmOIxcVfqZOUk1oFJn8mBq/YzkO\n097/l5f/Phz7hck7uVIXWujgq16vPnzvQtODclBmhxp8IWEVEYJw3BmZne0CVrgJ\nPpHZsuKGK7wHaZUg+0kAjOoBGltopNutfDTZ2semDT3zxaOi7bprGZa0EF1ZSrOh\nIRGnw+smWAwOydWpsIL3UUzEh8WFC9L5a/EEDDc5N79Ema/BrkuVfJrT1R1xXyEN\nFy9X6AVwU63+QPD7r/WMRu1LXNloWkXqGS0tDDfibP4xn786Osj/ZOeK9WuVqC9x\nyctVzJBqVtNrO65S+ZgIWMECAwEAAQ==\n-----END PUBLIC KEY-----\n",
            "rsa_bits": 4096
          },
          "sensitive_attributes": [
            [
              {
                "type": "get_attr",
                "value": "private_key_openssh"
              }
            ],
            [
              {
                "type": "get_attr",
                "value": "private_key_pem"
              }
            ],
            [
              {
                "type": "get_attr",
                "value": "private_key_pem_pkcs8"
              }
            ]
          ]
        }
      ]
    }
  ],
  "check_results": null
}
